// !$*UTF8*$!
{
	archiveVersion = 1;
	classes = {
	};
	objectVersion = 77;
	objects = {

/* Begin PBXBuildFile section */
		92131AAE2F25F08C00276418 /* Assets.xcassets in Resources */ = {isa = PBXBuildFile; fileRef = 92131AAA2F25F08C00276418 /* Assets.xcassets */; };
		92131AAF2F25F08C00276418 /* ContentView.swift in Sources */ = {isa = PBXBuildFile; fileRef = 92131AAB2F25F08C00276418 /* ContentView.swift */; };
		92131AB02F25F08C00276418 /* SyllyApp.swift in Sources */ = {isa = PBXBuildFile; fileRef = 92131AAC2F25F08C00276418 /* SyllyApp.swift */; };
		921A1AFC2F2C0F4A004694BC /* SettingsView.swift in Sources */ = {isa = PBXBuildFile; fileRef = 921A1AFB2F2C0F4A004694BC /* SettingsView.swift */; };
		921A1AFE2F2C53B9004694BC /* CalendarPickerView.swift in Sources */ = {isa = PBXBuildFile; fileRef = 921A1AFD2F2C53B9004694BC /* CalendarPickerView.swift */; };
		924B9EDB2F26FDF5001C7C66 /* Constants.swift in Sources */ = {isa = PBXBuildFile; fileRef = 924B9EDA2F26FDF5001C7C66 /* Constants.swift */; };
		924B9EDD2F2731E6001C7C66 /* Course.swift in Sources */ = {isa = PBXBuildFile; fileRef = 924B9EDC2F2731E6001C7C66 /* Course.swift */; };
		924B9EDF2F274080001C7C66 /* Assignment.swift in Sources */ = {isa = PBXBuildFile; fileRef = 924B9EDE2F274080001C7C66 /* Assignment.swift */; };
		926603722F2948BC006D0863 /* ScheduleView.swift in Sources */ = {isa = PBXBuildFile; fileRef = 926603712F2948BC006D0863 /* ScheduleView.swift */; };
		926603742F2948E1006D0863 /* WeekStripView.swift in Sources */ = {isa = PBXBuildFile; fileRef = 926603732F2948E1006D0863 /* WeekStripView.swift */; };
		926603762F29493A006D0863 /* ScheduleCard.swift in Sources */ = {isa = PBXBuildFile; fileRef = 926603752F29493A006D0863 /* ScheduleCard.swift */; };
		926603782F29495D006D0863 /* EmptyScheduleView.swift in Sources */ = {isa = PBXBuildFile; fileRef = 926603772F29495D006D0863 /* EmptyScheduleView.swift */; };
		928A79E82F29FCB6008AE582 /* CourseDetailView.swift in Sources */ = {isa = PBXBuildFile; fileRef = 928A79E72F29FCB6008AE582 /* CourseDetailView.swift */; };
		92A1DB2F2F2823D20009D82F /* HomeView.swift in Sources */ = {isa = PBXBuildFile; fileRef = 92A1DB2E2F2823D20009D82F /* HomeView.swift */; };
		92A1DB332F28373F0009D82F /* EmptyHomeView.swift in Sources */ = {isa = PBXBuildFile; fileRef = 92A1DB322F28373F0009D82F /* EmptyHomeView.swift */; };
		92A1DB352F283C430009D82F /* CourseCard.swift in Sources */ = {isa = PBXBuildFile; fileRef = 92A1DB342F283C430009D82F /* CourseCard.swift */; };
		92DB6FF82F2DA12C008C8FDE /* ScannerView.swift in Sources */ = {isa = PBXBuildFile; fileRef = 92DB6FF72F2DA12C008C8FDE /* ScannerView.swift */; };
		92DB6FFA2F2DA526008C8FDE /* LoadingView.swift in Sources */ = {isa = PBXBuildFile; fileRef = 92DB6FF92F2DA526008C8FDE /* LoadingView.swift */; };
		92DB6FFC2F2DBC5B008C8FDE /* ReviewView.swift in Sources */ = {isa = PBXBuildFile; fileRef = 92DB6FFB2F2DBC5B008C8FDE /* ReviewView.swift */; };
		92DB6FFE2F2DC38D008C8FDE /* SuccessView.swift in Sources */ = {isa = PBXBuildFile; fileRef = 92DB6FFD2F2DC38D008C8FDE /* SuccessView.swift */; };
		92DB70042F2DC798008C8FDE /* EditCourseSheet.swift in Sources */ = {isa = PBXBuildFile; fileRef = 92DB70032F2DC798008C8FDE /* EditCourseSheet.swift */; };
		92DB70062F2DC7CB008C8FDE /* EditAssignmentSheet.swift in Sources */ = {isa = PBXBuildFile; fileRef = 92DB70052F2DC7CB008C8FDE /* EditAssignmentSheet.swift */; };
		92F1E50B2F2ADFD100A14A6D /* AssignmentListView.swift in Sources */ = {isa = PBXBuildFile; fileRef = 92F1E50A2F2ADFD100A14A6D /* AssignmentListView.swift */; };
		92F1E50D2F2AF8F900A14A6D /* AssignmentDetailRow.swift in Sources */ = {isa = PBXBuildFile; fileRef = 92F1E50C2F2AF8F900A14A6D /* AssignmentDetailRow.swift */; };
		92F1E50F2F2AFBA700A14A6D /* EmptyCourseView.swift in Sources */ = {isa = PBXBuildFile; fileRef = 92F1E50E2F2AFBA700A14A6D /* EmptyCourseView.swift */; };
		92F1E5112F2B010500A14A6D /* CourseErrorView.swift in Sources */ = {isa = PBXBuildFile; fileRef = 92F1E5102F2B010500A14A6D /* CourseErrorView.swift */; };
/* End PBXBuildFile section */

/* Begin PBXFileReference section */
		92131A952F25BBE400276418 /* Sylly.app */ = {isa = PBXFileReference; explicitFileType = wrapper.application; includeInIndex = 0; path = Sylly.app; sourceTree = BUILT_PRODUCTS_DIR; };
		92131AAA2F25F08C00276418 /* Assets.xcassets */ = {isa = PBXFileReference; lastKnownFileType = folder.assetcatalog; path = Assets.xcassets; sourceTree = "<group>"; };
		92131AAB2F25F08C00276418 /* ContentView.swift */ = {isa = PBXFileReference; lastKnownFileType = sourcecode.swift; path = ContentView.swift; sourceTree = "<group>"; };
		92131AAC2F25F08C00276418 /* SyllyApp.swift */ = {isa = PBXFileReference; lastKnownFileType = sourcecode.swift; path = SyllyApp.swift; sourceTree = "<group>"; };
		921A1AFB2F2C0F4A004694BC /* SettingsView.swift */ = {isa = PBXFileReference; lastKnownFileType = sourcecode.swift; path = SettingsView.swift; sourceTree = "<group>"; };
		921A1AFD2F2C53B9004694BC /* CalendarPickerView.swift */ = {isa = PBXFileReference; lastKnownFileType = sourcecode.swift; path = CalendarPickerView.swift; sourceTree = "<group>"; };
		924B9EDA2F26FDF5001C7C66 /* Constants.swift */ = {isa = PBXFileReference; lastKnownFileType = sourcecode.swift; path = Constants.swift; sourceTree = "<group>"; };
		924B9EDC2F2731E6001C7C66 /* Course.swift */ = {isa = PBXFileReference; lastKnownFileType = sourcecode.swift; path = Course.swift; sourceTree = "<group>"; };
		924B9EDE2F274080001C7C66 /* Assignment.swift */ = {isa = PBXFileReference; lastKnownFileType = sourcecode.swift; path = Assignment.swift; sourceTree = "<group>"; };
		926603712F2948BC006D0863 /* ScheduleView.swift */ = {isa = PBXFileReference; lastKnownFileType = sourcecode.swift; path = ScheduleView.swift; sourceTree = "<group>"; };
		926603732F2948E1006D0863 /* WeekStripView.swift */ = {isa = PBXFileReference; lastKnownFileType = sourcecode.swift; path = WeekStripView.swift; sourceTree = "<group>"; };
		926603752F29493A006D0863 /* ScheduleCard.swift */ = {isa = PBXFileReference; lastKnownFileType = sourcecode.swift; path = ScheduleCard.swift; sourceTree = "<group>"; };
		926603772F29495D006D0863 /* EmptyScheduleView.swift */ = {isa = PBXFileReference; lastKnownFileType = sourcecode.swift; path = EmptyScheduleView.swift; sourceTree = "<group>"; };
		928A79E72F29FCB6008AE582 /* CourseDetailView.swift */ = {isa = PBXFileReference; lastKnownFileType = sourcecode.swift; path = CourseDetailView.swift; sourceTree = "<group>"; };
		92A1DB2E2F2823D20009D82F /* HomeView.swift */ = {isa = PBXFileReference; lastKnownFileType = sourcecode.swift; path = HomeView.swift; sourceTree = "<group>"; };
		92A1DB322F28373F0009D82F /* EmptyHomeView.swift */ = {isa = PBXFileReference; lastKnownFileType = sourcecode.swift; path = EmptyHomeView.swift; sourceTree = "<group>"; };
		92A1DB342F283C430009D82F /* CourseCard.swift */ = {isa = PBXFileReference; lastKnownFileType = sourcecode.swift; path = CourseCard.swift; sourceTree = "<group>"; };
		92DB6FF72F2DA12C008C8FDE /* ScannerView.swift */ = {isa = PBXFileReference; lastKnownFileType = sourcecode.swift; path = ScannerView.swift; sourceTree = "<group>"; };
		92DB6FF92F2DA526008C8FDE /* LoadingView.swift */ = {isa = PBXFileReference; lastKnownFileType = sourcecode.swift; path = LoadingView.swift; sourceTree = "<group>"; };
		92DB6FFB2F2DBC5B008C8FDE /* ReviewView.swift */ = {isa = PBXFileReference; lastKnownFileType = sourcecode.swift; path = ReviewView.swift; sourceTree = "<group>"; };
		92DB6FFD2F2DC38D008C8FDE /* SuccessView.swift */ = {isa = PBXFileReference; lastKnownFileType = sourcecode.swift; path = SuccessView.swift; sourceTree = "<group>"; };
		92DB70032F2DC798008C8FDE /* EditCourseSheet.swift */ = {isa = PBXFileReference; lastKnownFileType = sourcecode.swift; path = EditCourseSheet.swift; sourceTree = "<group>"; };
		92DB70052F2DC7CB008C8FDE /* EditAssignmentSheet.swift */ = {isa = PBXFileReference; lastKnownFileType = sourcecode.swift; path = EditAssignmentSheet.swift; sourceTree = "<group>"; };
		92F1E50A2F2ADFD100A14A6D /* AssignmentListView.swift */ = {isa = PBXFileReference; lastKnownFileType = sourcecode.swift; path = AssignmentListView.swift; sourceTree = "<group>"; };
		92F1E50C2F2AF8F900A14A6D /* AssignmentDetailRow.swift */ = {isa = PBXFileReference; lastKnownFileType = sourcecode.swift; path = AssignmentDetailRow.swift; sourceTree = "<group>"; };
		92F1E50E2F2AFBA700A14A6D /* EmptyCourseView.swift */ = {isa = PBXFileReference; lastKnownFileType = sourcecode.swift; path = EmptyCourseView.swift; sourceTree = "<group>"; };
		92F1E5102F2B010500A14A6D /* CourseErrorView.swift */ = {isa = PBXFileReference; lastKnownFileType = sourcecode.swift; path = CourseErrorView.swift; sourceTree = "<group>"; };
/* End PBXFileReference section */

/* Begin PBXFrameworksBuildPhase section */
		92131A922F25BBE400276418 /* Frameworks */ = {
			isa = PBXFrameworksBuildPhase;
			buildActionMask = 2147483647;
			files = (
			);
			runOnlyForDeploymentPostprocessing = 0;
		};
/* End PBXFrameworksBuildPhase section */

/* Begin PBXGroup section */
		92131A8C2F25BBE400276418 = {
			isa = PBXGroup;
			children = (
				92131AAD2F25F08C00276418 /* Sylly */,
				92131A962F25BBE400276418 /* Products */,
			);
			sourceTree = "<group>";
		};
		92131A962F25BBE400276418 /* Products */ = {
			isa = PBXGroup;
			children = (
				92131A952F25BBE400276418 /* Sylly.app */,
			);
			name = Products;
			sourceTree = "<group>";
		};
		92131AAD2F25F08C00276418 /* Sylly */ = {
			isa = PBXGroup;
			children = (
				92131AB82F25F76A00276418 /* Resources */,
				92131AB72F25F18700276418 /* Utilities   */,
				92131AB62F25F17A00276418 /* Components */,
				92131AB52F25F16E00276418 /* Services */,
				92131AB42F25F16800276418 /* Views */,
				92131AB32F25F12F00276418 /* Models */,
				92131AB12F25F0AE00276418 /* App */,
			);
			path = Sylly;
			sourceTree = "<group>";
		};
		92131AB12F25F0AE00276418 /* App */ = {
			isa = PBXGroup;
			children = (
				92131AAC2F25F08C00276418 /* SyllyApp.swift */,
				92131AAB2F25F08C00276418 /* ContentView.swift */,
			);
			path = App;
			sourceTree = "<group>";
		};
		92131AB32F25F12F00276418 /* Models */ = {
			isa = PBXGroup;
			children = (
				924B9EDC2F2731E6001C7C66 /* Course.swift */,
				924B9EDE2F274080001C7C66 /* Assignment.swift */,
			);
			path = Models;
			sourceTree = "<group>";
		};
		92131AB42F25F16800276418 /* Views */ = {
			isa = PBXGroup;
			children = (
				924B9ED82F26F8BB001C7C66 /* Settings  */,
				924B9ED72F26F8B2001C7C66 /* Schedule */,
				924B9ED62F26F8A8001C7C66 /* CourseDetail */,
				924B9ED52F26F8A0001C7C66 /* Success */,
				924B9ED42F26F894001C7C66 /* Review */,
				924B9ED32F26F88B001C7C66 /* Scanner */,
				924B9ED22F26F886001C7C66 /* Home */,
			);
			path = Views;
			sourceTree = "<group>";
		};
		92131AB52F25F16E00276418 /* Services */ = {
			isa = PBXGroup;
			children = (
			);
			path = Services;
			sourceTree = "<group>";
		};
		92131AB62F25F17A00276418 /* Components */ = {
			isa = PBXGroup;
			children = (
			);
			path = Components;
			sourceTree = "<group>";
		};
		92131AB72F25F18700276418 /* Utilities   */ = {
			isa = PBXGroup;
			children = (
				924B9EDA2F26FDF5001C7C66 /* Constants.swift */,
			);
			path = "Utilities  ";
			sourceTree = "<group>";
		};
		92131AB82F25F76A00276418 /* Resources */ = {
			isa = PBXGroup;
			children = (
				92131AAA2F25F08C00276418 /* Assets.xcassets */,
			);
			path = Resources;
			sourceTree = "<group>";
		};
		924B9ED22F26F886001C7C66 /* Home */ = {
			isa = PBXGroup;
			children = (
				92A1DB2E2F2823D20009D82F /* HomeView.swift */,
				92A1DB322F28373F0009D82F /* EmptyHomeView.swift */,
				92A1DB342F283C430009D82F /* CourseCard.swift */,
			);
			path = Home;
			sourceTree = "<group>";
		};
		924B9ED32F26F88B001C7C66 /* Scanner */ = {
			isa = PBXGroup;
			children = (
				92DB6FF72F2DA12C008C8FDE /* ScannerView.swift */,
				92DB6FF92F2DA526008C8FDE /* LoadingView.swift */,
			);
			path = Scanner;
			sourceTree = "<group>";
		};
		924B9ED42F26F894001C7C66 /* Review */ = {
			isa = PBXGroup;
			children = (
				92DB6FFB2F2DBC5B008C8FDE /* ReviewView.swift */,
				92DB6FFD2F2DC38D008C8FDE /* SuccessView.swift */,
				92DB70032F2DC798008C8FDE /* EditCourseSheet.swift */,
				92DB70052F2DC7CB008C8FDE /* EditAssignmentSheet.swift */,
			);
			path = Review;
			sourceTree = "<group>";
		};
		924B9ED52F26F8A0001C7C66 /* Success */ = {
			isa = PBXGroup;
			children = (
			);
			path = Success;
			sourceTree = "<group>";
		};
		924B9ED62F26F8A8001C7C66 /* CourseDetail */ = {
			isa = PBXGroup;
			children = (
				928A79E72F29FCB6008AE582 /* CourseDetailView.swift */,
				92F1E50A2F2ADFD100A14A6D /* AssignmentListView.swift */,
				92F1E50C2F2AF8F900A14A6D /* AssignmentDetailRow.swift */,
				92F1E50E2F2AFBA700A14A6D /* EmptyCourseView.swift */,
				92F1E5102F2B010500A14A6D /* CourseErrorView.swift */,
			);
			path = CourseDetail;
			sourceTree = "<group>";
		};
		924B9ED72F26F8B2001C7C66 /* Schedule */ = {
			isa = PBXGroup;
			children = (
				926603712F2948BC006D0863 /* ScheduleView.swift */,
				926603732F2948E1006D0863 /* WeekStripView.swift */,
				926603752F29493A006D0863 /* ScheduleCard.swift */,
				926603772F29495D006D0863 /* EmptyScheduleView.swift */,
			);
			path = Schedule;
			sourceTree = "<group>";
		};
		924B9ED82F26F8BB001C7C66 /* Settings  */ = {
			isa = PBXGroup;
			children = (
				921A1AFB2F2C0F4A004694BC /* SettingsView.swift */,
				921A1AFD2F2C53B9004694BC /* CalendarPickerView.swift */,
			);
			path = "Settings ";
			sourceTree = "<group>";
		};
/* End PBXGroup section */

/* Begin PBXNativeTarget section */
		92131A942F25BBE400276418 /* Sylly */ = {
			isa = PBXNativeTarget;
			buildConfigurationList = 92131AA02F25BBE500276418 /* Build configuration list for PBXNativeTarget "Sylly" */;
			buildPhases = (
				92131A912F25BBE400276418 /* Sources */,
				92131A922F25BBE400276418 /* Frameworks */,
				92131A932F25BBE400276418 /* Resources */,
			);
			buildRules = (
			);
			dependencies = (
			);
			name = Sylly;
			packageProductDependencies = (
			);
			productName = Sylly;
			productReference = 92131A952F25BBE400276418 /* Sylly.app */;
			productType = "com.apple.product-type.application";
		};
/* End PBXNativeTarget section */

/* Begin PBXProject section */
		92131A8D2F25BBE400276418 /* Project object */ = {
			isa = PBXProject;
			attributes = {
				BuildIndependentTargetsInParallel = 1;
				LastSwiftUpdateCheck = 2610;
				LastUpgradeCheck = 2610;
				TargetAttributes = {
					92131A942F25BBE400276418 = {
						CreatedOnToolsVersion = 26.1;
					};
				};
			};
			buildConfigurationList = 92131A902F25BBE400276418 /* Build configuration list for PBXProject "Sylly" */;
			developmentRegion = en;
			hasScannedForEncodings = 0;
			knownRegions = (
				en,
				Base,
			);
			mainGroup = 92131A8C2F25BBE400276418;
			minimizedProjectReferenceProxies = 1;
			preferredProjectObjectVersion = 77;
			productRefGroup = 92131A962F25BBE400276418 /* Products */;
			projectDirPath = "";
			projectRoot = "";
			targets = (
				92131A942F25BBE400276418 /* Sylly */,
			);
		};
/* End PBXProject section */

/* Begin PBXResourcesBuildPhase section */
		92131A932F25BBE400276418 /* Resources */ = {
			isa = PBXResourcesBuildPhase;
			buildActionMask = 2147483647;
			files = (
				92131AAE2F25F08C00276418 /* Assets.xcassets in Resources */,
			);
			runOnlyForDeploymentPostprocessing = 0;
		};
/* End PBXResourcesBuildPhase section */

/* Begin PBXSourcesBuildPhase section */
		92131A912F25BBE400276418 /* Sources */ = {
			isa = PBXSourcesBuildPhase;
			buildActionMask = 2147483647;
			files = (
				92F1E5112F2B010500A14A6D /* CourseErrorView.swift in Sources */,
				924B9EDD2F2731E6001C7C66 /* Course.swift in Sources */,
				926603782F29495D006D0863 /* EmptyScheduleView.swift in Sources */,
				921A1AFC2F2C0F4A004694BC /* SettingsView.swift in Sources */,
				92131AAF2F25F08C00276418 /* ContentView.swift in Sources */,
				92DB6FFA2F2DA526008C8FDE /* LoadingView.swift in Sources */,
				92F1E50D2F2AF8F900A14A6D /* AssignmentDetailRow.swift in Sources */,
				92131AB02F25F08C00276418 /* SyllyApp.swift in Sources */,
				92DB70042F2DC798008C8FDE /* EditCourseSheet.swift in Sources */,
				92DB6FFC2F2DBC5B008C8FDE /* ReviewView.swift in Sources */,
				921A1AFE2F2C53B9004694BC /* CalendarPickerView.swift in Sources */,
				92A1DB332F28373F0009D82F /* EmptyHomeView.swift in Sources */,
				92DB6FF82F2DA12C008C8FDE /* ScannerView.swift in Sources */,
				92A1DB2F2F2823D20009D82F /* HomeView.swift in Sources */,
				926603722F2948BC006D0863 /* ScheduleView.swift in Sources */,
				92DB70062F2DC7CB008C8FDE /* EditAssignmentSheet.swift in Sources */,
				92F1E50B2F2ADFD100A14A6D /* AssignmentListView.swift in Sources */,
				928A79E82F29FCB6008AE582 /* CourseDetailView.swift in Sources */,
				924B9EDF2F274080001C7C66 /* Assignment.swift in Sources */,
				92F1E50F2F2AFBA700A14A6D /* EmptyCourseView.swift in Sources */,
				926603762F29493A006D0863 /* ScheduleCard.swift in Sources */,
				926603742F2948E1006D0863 /* WeekStripView.swift in Sources */,
				92DB6FFE2F2DC38D008C8FDE /* SuccessView.swift in Sources */,
				92A1DB352F283C430009D82F /* CourseCard.swift in Sources */,
				924B9EDB2F26FDF5001C7C66 /* Constants.swift in Sources */,
			);
			runOnlyForDeploymentPostprocessing = 0;
		};
/* End PBXSourcesBuildPhase section */

/* Begin XCBuildConfiguration section */
		92131A9E2F25BBE500276418 /* Debug */ = {
			isa = XCBuildConfiguration;
			buildSettings = {
				ALWAYS_SEARCH_USER_PATHS = NO;
				ASSETCATALOG_COMPILER_GENERATE_SWIFT_ASSET_SYMBOL_EXTENSIONS = YES;
				CLANG_ANALYZER_NONNULL = YES;
				CLANG_ANALYZER_NUMBER_OBJECT_CONVERSION = YES_AGGRESSIVE;
				CLANG_CXX_LANGUAGE_STANDARD = "gnu++20";
				CLANG_ENABLE_MODULES = YES;
				CLANG_ENABLE_OBJC_ARC = YES;
				CLANG_ENABLE_OBJC_WEAK = YES;
				CLANG_WARN_BLOCK_CAPTURE_AUTORELEASING = YES;
				CLANG_WARN_BOOL_CONVERSION = YES;
				CLANG_WARN_COMMA = YES;
				CLANG_WARN_CONSTANT_CONVERSION = YES;
				CLANG_WARN_DEPRECATED_OBJC_IMPLEMENTATIONS = YES;
				CLANG_WARN_DIRECT_OBJC_ISA_USAGE = YES_ERROR;
				CLANG_WARN_DOCUMENTATION_COMMENTS = YES;
				CLANG_WARN_EMPTY_BODY = YES;
				CLANG_WARN_ENUM_CONVERSION = YES;
				CLANG_WARN_INFINITE_RECURSION = YES;
				CLANG_WARN_INT_CONVERSION = YES;
				CLANG_WARN_NON_LITERAL_NULL_CONVERSION = YES;
				CLANG_WARN_OBJC_IMPLICIT_RETAIN_SELF = YES;
				CLANG_WARN_OBJC_LITERAL_CONVERSION = YES;
				CLANG_WARN_OBJC_ROOT_CLASS = YES_ERROR;
				CLANG_WARN_QUOTED_INCLUDE_IN_FRAMEWORK_HEADER = YES;
				CLANG_WARN_RANGE_LOOP_ANALYSIS = YES;
				CLANG_WARN_STRICT_PROTOTYPES = YES;
				CLANG_WARN_SUSPICIOUS_MOVE = YES;
				CLANG_WARN_UNGUARDED_AVAILABILITY = YES_AGGRESSIVE;
				CLANG_WARN_UNREACHABLE_CODE = YES;
				CLANG_WARN__DUPLICATE_METHOD_MATCH = YES;
				COPY_PHASE_STRIP = NO;
				DEBUG_INFORMATION_FORMAT = dwarf;
				DEVELOPMENT_TEAM = 2PS662V7G3;
				ENABLE_STRICT_OBJC_MSGSEND = YES;
				ENABLE_TESTABILITY = YES;
				ENABLE_USER_SCRIPT_SANDBOXING = YES;
				GCC_C_LANGUAGE_STANDARD = gnu17;
				GCC_DYNAMIC_NO_PIC = NO;
				GCC_NO_COMMON_BLOCKS = YES;
				GCC_OPTIMIZATION_LEVEL = 0;
				GCC_PREPROCESSOR_DEFINITIONS = (
					"DEBUG=1",
					"$(inherited)",
				);
				GCC_WARN_64_TO_32_BIT_CONVERSION = YES;
				GCC_WARN_ABOUT_RETURN_TYPE = YES_ERROR;
				GCC_WARN_UNDECLARED_SELECTOR = YES;
				GCC_WARN_UNINITIALIZED_AUTOS = YES_AGGRESSIVE;
				GCC_WARN_UNUSED_FUNCTION = YES;
				GCC_WARN_UNUSED_VARIABLE = YES;
				IPHONEOS_DEPLOYMENT_TARGET = 26.1;
				LOCALIZATION_PREFERS_STRING_CATALOGS = YES;
				MTL_ENABLE_DEBUG_INFO = INCLUDE_SOURCE;
				MTL_FAST_MATH = YES;
				ONLY_ACTIVE_ARCH = YES;
				SDKROOT = iphoneos;
				SWIFT_ACTIVE_COMPILATION_CONDITIONS = "DEBUG $(inherited)";
				SWIFT_OPTIMIZATION_LEVEL = "-Onone";
			};
			name = Debug;
		};
		92131A9F2F25BBE500276418 /* Release */ = {
			isa = XCBuildConfiguration;
			buildSettings = {
				ALWAYS_SEARCH_USER_PATHS = NO;
				ASSETCATALOG_COMPILER_GENERATE_SWIFT_ASSET_SYMBOL_EXTENSIONS = YES;
				CLANG_ANALYZER_NONNULL = YES;
				CLANG_ANALYZER_NUMBER_OBJECT_CONVERSION = YES_AGGRESSIVE;
				CLANG_CXX_LANGUAGE_STANDARD = "gnu++20";
				CLANG_ENABLE_MODULES = YES;
				CLANG_ENABLE_OBJC_ARC = YES;
				CLANG_ENABLE_OBJC_WEAK = YES;
				CLANG_WARN_BLOCK_CAPTURE_AUTORELEASING = YES;
				CLANG_WARN_BOOL_CONVERSION = YES;
				CLANG_WARN_COMMA = YES;
				CLANG_WARN_CONSTANT_CONVERSION = YES;
				CLANG_WARN_DEPRECATED_OBJC_IMPLEMENTATIONS = YES;
				CLANG_WARN_DIRECT_OBJC_ISA_USAGE = YES_ERROR;
				CLANG_WARN_DOCUMENTATION_COMMENTS = YES;
				CLANG_WARN_EMPTY_BODY = YES;
				CLANG_WARN_ENUM_CONVERSION = YES;
				CLANG_WARN_INFINITE_RECURSION = YES;
				CLANG_WARN_INT_CONVERSION = YES;
				CLANG_WARN_NON_LITERAL_NULL_CONVERSION = YES;
				CLANG_WARN_OBJC_IMPLICIT_RETAIN_SELF = YES;
				CLANG_WARN_OBJC_LITERAL_CONVERSION = YES;
				CLANG_WARN_OBJC_ROOT_CLASS = YES_ERROR;
				CLANG_WARN_QUOTED_INCLUDE_IN_FRAMEWORK_HEADER = YES;
				CLANG_WARN_RANGE_LOOP_ANALYSIS = YES;
				CLANG_WARN_STRICT_PROTOTYPES = YES;
				CLANG_WARN_SUSPICIOUS_MOVE = YES;
				CLANG_WARN_UNGUARDED_AVAILABILITY = YES_AGGRESSIVE;
				CLANG_WARN_UNREACHABLE_CODE = YES;
				CLANG_WARN__DUPLICATE_METHOD_MATCH = YES;
				COPY_PHASE_STRIP = NO;
				DEBUG_INFORMATION_FORMAT = "dwarf-with-dsym";
				DEVELOPMENT_TEAM = 2PS662V7G3;
				ENABLE_NS_ASSERTIONS = NO;
				ENABLE_STRICT_OBJC_MSGSEND = YES;
				ENABLE_USER_SCRIPT_SANDBOXING = YES;
				GCC_C_LANGUAGE_STANDARD = gnu17;
				GCC_NO_COMMON_BLOCKS = YES;
				GCC_WARN_64_TO_32_BIT_CONVERSION = YES;
				GCC_WARN_ABOUT_RETURN_TYPE = YES_ERROR;
				GCC_WARN_UNDECLARED_SELECTOR = YES;
				GCC_WARN_UNINITIALIZED_AUTOS = YES_AGGRESSIVE;
				GCC_WARN_UNUSED_FUNCTION = YES;
				GCC_WARN_UNUSED_VARIABLE = YES;
				IPHONEOS_DEPLOYMENT_TARGET = 26.1;
				LOCALIZATION_PREFERS_STRING_CATALOGS = YES;
				MTL_ENABLE_DEBUG_INFO = NO;
				MTL_FAST_MATH = YES;
				SDKROOT = iphoneos;
				SWIFT_COMPILATION_MODE = wholemodule;
				VALIDATE_PRODUCT = YES;
			};
			name = Release;
		};
		92131AA12F25BBE500276418 /* Debug */ = {
			isa = XCBuildConfiguration;
			buildSettings = {
				ASSETCATALOG_COMPILER_APPICON_NAME = AppIcon;
				ASSETCATALOG_COMPILER_GLOBAL_ACCENT_COLOR_NAME = AccentColor;
				CODE_SIGN_STYLE = Automatic;
				CURRENT_PROJECT_VERSION = 1;
				DEVELOPMENT_TEAM = 2PS662V7G3;
				ENABLE_PREVIEWS = YES;
				GENERATE_INFOPLIST_FILE = YES;
				INFOPLIST_KEY_LSApplicationCategoryType = "public.app-category.utilities";
				INFOPLIST_KEY_UIApplicationSceneManifest_Generation = YES;
				INFOPLIST_KEY_UIApplicationSupportsIndirectInputEvents = YES;
				INFOPLIST_KEY_UILaunchScreen_Generation = YES;
				INFOPLIST_KEY_UISupportedInterfaceOrientations_iPad = "UIInterfaceOrientationPortrait UIInterfaceOrientationPortraitUpsideDown UIInterfaceOrientationLandscapeLeft UIInterfaceOrientationLandscapeRight";
				INFOPLIST_KEY_UISupportedInterfaceOrientations_iPhone = "UIInterfaceOrientationPortrait UIInterfaceOrientationLandscapeLeft UIInterfaceOrientationLandscapeRight";
				LD_RUNPATH_SEARCH_PATHS = (
					"$(inherited)",
					"@executable_path/Frameworks",
				);
				MARKETING_VERSION = 1.0;
				PRODUCT_BUNDLE_IDENTIFIER = com.aryan.Sylly;
				PRODUCT_NAME = "$(TARGET_NAME)";
				STRING_CATALOG_GENERATE_SYMBOLS = YES;
				SWIFT_APPROACHABLE_CONCURRENCY = YES;
				SWIFT_DEFAULT_ACTOR_ISOLATION = MainActor;
				SWIFT_EMIT_LOC_STRINGS = YES;
				SWIFT_UPCOMING_FEATURE_MEMBER_IMPORT_VISIBILITY = YES;
				SWIFT_VERSION = 5.0;
				TARGETED_DEVICE_FAMILY = "1,2";
			};
			name = Debug;
		};
		92131AA22F25BBE500276418 /* Release */ = {
			isa = XCBuildConfiguration;
			buildSettings = {
				ASSETCATALOG_COMPILER_APPICON_NAME = AppIcon;
				ASSETCATALOG_COMPILER_GLOBAL_ACCENT_COLOR_NAME = AccentColor;
				CODE_SIGN_STYLE = Automatic;
				CURRENT_PROJECT_VERSION = 1;
				DEVELOPMENT_TEAM = 2PS662V7G3;
				ENABLE_PREVIEWS = YES;
				GENERATE_INFOPLIST_FILE = YES;
				INFOPLIST_KEY_LSApplicationCategoryType = "public.app-category.utilities";
				INFOPLIST_KEY_UIApplicationSceneManifest_Generation = YES;
				INFOPLIST_KEY_UIApplicationSupportsIndirectInputEvents = YES;
				INFOPLIST_KEY_UILaunchScreen_Generation = YES;
				INFOPLIST_KEY_UISupportedInterfaceOrientations_iPad = "UIInterfaceOrientationPortrait UIInterfaceOrientationPortraitUpsideDown UIInterfaceOrientationLandscapeLeft UIInterfaceOrientationLandscapeRight";
				INFOPLIST_KEY_UISupportedInterfaceOrientations_iPhone = "UIInterfaceOrientationPortrait UIInterfaceOrientationLandscapeLeft UIInterfaceOrientationLandscapeRight";
				LD_RUNPATH_SEARCH_PATHS = (
					"$(inherited)",
					"@executable_path/Frameworks",
				);
				MARKETING_VERSION = 1.0;
				PRODUCT_BUNDLE_IDENTIFIER = com.aryan.Sylly;
				PRODUCT_NAME = "$(TARGET_NAME)";
				STRING_CATALOG_GENERATE_SYMBOLS = YES;
				SWIFT_APPROACHABLE_CONCURRENCY = YES;
				SWIFT_DEFAULT_ACTOR_ISOLATION = MainActor;
				SWIFT_EMIT_LOC_STRINGS = YES;
				SWIFT_UPCOMING_FEATURE_MEMBER_IMPORT_VISIBILITY = YES;
				SWIFT_VERSION = 5.0;
				TARGETED_DEVICE_FAMILY = "1,2";
			};
			name = Release;
		};
/* End XCBuildConfiguration section */

/* Begin XCConfigurationList section */
		92131A902F25BBE400276418 /* Build configuration list for PBXProject "Sylly" */ = {
			isa = XCConfigurationList;
			buildConfigurations = (
				92131A9E2F25BBE500276418 /* Debug */,
				92131A9F2F25BBE500276418 /* Release */,
			);
			defaultConfigurationIsVisible = 0;
			defaultConfigurationName = Release;
		};
		92131AA02F25BBE500276418 /* Build configuration list for PBXNativeTarget "Sylly" */ = {
			isa = XCConfigurationList;
			buildConfigurations = (
				92131AA12F25BBE500276418 /* Debug */,
				92131AA22F25BBE500276418 /* Release */,
			);
			defaultConfigurationIsVisible = 0;
			defaultConfigurationName = Release;
		};
/* End XCConfigurationList section */
	};
	rootObject = 92131A8D2F25BBE400276418 /* Project object */;
}
